// !$*UTF8*$!
{
	archiveVersion = 1;
	classes = {
	};
	objectVersion = 46;
	objects = {

/* Begin PBXBuildFile section */
		FCA152FA72E99E3EFB6FA4DE /* ViewController.swift in Sources */ = {isa = PBXBuildFile; fileRef = FCA155B4ED1A00808D8B2FCD /* ViewController.swift */; };
		FCA154A18EA4E04195B5C6DE /* Assets.xcassets in Resources */ = {isa = PBXBuildFile; fileRef = FCA158DEE47A3C83538129CF /* Assets.xcassets */; };
		FCA15796C1DEEDF25B16A1C8 /* Util.swift in Sources */ = {isa = PBXBuildFile; fileRef = FCA155B2234727D08055B93F /* Util.swift */; };
		FCA15BAFEA3289A3128A7CF4 /* Main.storyboard in Resources */ = {isa = PBXBuildFile; fileRef = FCA150875496EB4601F916DF /* Main.storyboard */; };
		FCA15C7876A23462D45D21A9 /* LaunchScreen.storyboard in Resources */ = {isa = PBXBuildFile; fileRef = FCA15ADA449B4FD29EF0C1AE /* LaunchScreen.storyboard */; };
		FCA15D9072DF8905790B19A0 /* AppDelegate.swift in Sources */ = {isa = PBXBuildFile; fileRef = FCA158B3BEC8E12C98E025D6 /* AppDelegate.swift */; };
/* End PBXBuildFile section */

/* Begin PBXFileReference section */
		FCA1526CE0E368C8DE95ED2B /* SimpleClock_Leon.app */ = {isa = PBXFileReference; explicitFileType = wrapper.application; includeInIndex = 0; path = SimpleClock_Leon.app; sourceTree = BUILT_PRODUCTS_DIR; };
		FCA152CF96D23295E49D6781 /* Base */ = {isa = PBXFileReference; lastKnownFileType = file.storyboard; name = Base; path = Base.lproj/LaunchScreen.storyboard; sourceTree = "<group>"; };
		FCA155B2234727D08055B93F /* Util.swift */ = {isa = PBXFileReference; fileEncoding = 4; lastKnownFileType = sourcecode.swift; path = Util.swift; sourceTree = "<group>"; };
		FCA155B4ED1A00808D8B2FCD /* ViewController.swift */ = {isa = PBXFileReference; lastKnownFileType = sourcecode.swift; path = ViewController.swift; sourceTree = "<group>"; };
		FCA158B3BEC8E12C98E025D6 /* AppDelegate.swift */ = {isa = PBXFileReference; lastKnownFileType = sourcecode.swift; path = AppDelegate.swift; sourceTree = "<group>"; };
		FCA158DEE47A3C83538129CF /* Assets.xcassets */ = {isa = PBXFileReference; lastKnownFileType = folder.assetcatalog; path = Assets.xcassets; sourceTree = "<group>"; };
		FCA15C3A7979D62E6208B8D1 /* Base */ = {isa = PBXFileReference; lastKnownFileType = file.storyboard; name = Base; path = Base.lproj/Main.storyboard; sourceTree = "<group>"; };
		FCA15ECB2319FE923F5CD6AB /* Info.plist */ = {isa = PBXFileReference; lastKnownFileType = text.plist.info; path = Info.plist; sourceTree = "<group>"; };
/* End PBXFileReference section */

/* Begin PBXFrameworksBuildPhase section */
		FCA15D5FC515672D70142663 /* Frameworks */ = {
			isa = PBXFrameworksBuildPhase;
			buildActionMask = 2147483647;
			files = (
			);
			runOnlyForDeploymentPostprocessing = 0;
		};
/* End PBXFrameworksBuildPhase section */

/* Begin PBXGroup section */
		FCA159B4A289D1B6207D7B79 /* Products */ = {
			isa = PBXGroup;
			children = (
				FCA1526CE0E368C8DE95ED2B /* SimpleClock_Leon.app */,
			);
			name = Products;
			sourceTree = "<group>";
		};
		FCA15B802B7D925D7534CAE5 = {
			isa = PBXGroup;
			children = (
				FCA159B4A289D1B6207D7B79 /* Products */,
				FCA15CDCE903789DE2A854A7 /* SimpleClock_Leon */,
			);
			sourceTree = "<group>";
		};
		FCA15CDCE903789DE2A854A7 /* SimpleClock_Leon */ = {
			isa = PBXGroup;
			children = (
				FCA15ECB2319FE923F5CD6AB /* Info.plist */,
				FCA158DEE47A3C83538129CF /* Assets.xcassets */,
				FCA15ADA449B4FD29EF0C1AE /* LaunchScreen.storyboard */,
				FCA158B3BEC8E12C98E025D6 /* AppDelegate.swift */,
				FCA150875496EB4601F916DF /* Main.storyboard */,
				FCA155B4ED1A00808D8B2FCD /* ViewController.swift */,
				FCA155B2234727D08055B93F /* Util.swift */,
			);
			path = SimpleClock_Leon;
			sourceTree = "<group>";
		};
/* End PBXGroup section */

/* Begin PBXNativeTarget section */
		FCA15D10670819FD532BAE45 /* SimpleClock_Leon */ = {
			isa = PBXNativeTarget;
			buildConfigurationList = FCA15736617A30DA54ADCBCD /* Build configuration list for PBXNativeTarget "SimpleClock_Leon" */;
			buildPhases = (
				FCA151C01975FA3148946218 /* Sources */,
				FCA15D5FC515672D70142663 /* Frameworks */,
				FCA15A4014F42A61AE29C62E /* Resources */,
			);
			buildRules = (
			);
			dependencies = (
			);
			name = SimpleClock_Leon;
			productName = SimpleClock_Leon;
			productReference = FCA1526CE0E368C8DE95ED2B /* SimpleClock_Leon.app */;
			productType = "com.apple.product-type.application";
		};
/* End PBXNativeTarget section */

/* Begin PBXProject section */
		FCA1519E32D9B6CC821E7986 /* Project object */ = {
			isa = PBXProject;
			attributes = {
				ORGANIZATIONNAME = clem;
				TargetAttributes = {
					FCA15D10670819FD532BAE45 = {
						DevelopmentTeam = FCKB72E74L;
					};
				};
			};
			buildConfigurationList = FCA1578599EFF32C5B96C818 /* Build configuration list for PBXProject "SimpleClock_Leon" */;
			compatibilityVersion = "Xcode 3.2";
			developmentRegion = English;
			hasScannedForEncodings = 0;
			knownRegions = (
				en,
			);
			mainGroup = FCA15B802B7D925D7534CAE5;
			productRefGroup = FCA159B4A289D1B6207D7B79 /* Products */;
			projectDirPath = "";
			projectRoot = "";
			targets = (
				FCA15D10670819FD532BAE45 /* SimpleClock_Leon */,
			);
		};
/* End PBXProject section */

/* Begin PBXResourcesBuildPhase section */
		FCA15A4014F42A61AE29C62E /* Resources */ = {
			isa = PBXResourcesBuildPhase;
			buildActionMask = 2147483647;
			files = (
				FCA154A18EA4E04195B5C6DE /* Assets.xcassets in Resources */,
				FCA15C7876A23462D45D21A9 /* LaunchScreen.storyboard in Resources */,
				FCA15BAFEA3289A3128A7CF4 /* Main.storyboard in Resources */,
			);
			runOnlyForDeploymentPostprocessing = 0;
		};
/* End PBXResourcesBuildPhase section */

/* Begin PBXSourcesBuildPhase section */
		FCA151C01975FA3148946218 /* Sources */ = {
			isa = PBXSourcesBuildPhase;
			buildActionMask = 2147483647;
			files = (
				FCA15D9072DF8905790B19A0 /* AppDelegate.swift in Sources */,
				FCA152FA72E99E3EFB6FA4DE /* ViewController.swift in Sources */,
				FCA15796C1DEEDF25B16A1C8 /* Util.swift in Sources */,
			);
			runOnlyForDeploymentPostprocessing = 0;
		};
/* End PBXSourcesBuildPhase section */

/* Begin PBXVariantGroup section */
		FCA150875496EB4601F916DF /* Main.storyboard */ = {
			isa = PBXVariantGroup;
			children = (
				FCA15C3A7979D62E6208B8D1 /* Base */,
			);
			name = Main.storyboard;
			sourceTree = "<group>";
		};
		FCA15ADA449B4FD29EF0C1AE /* LaunchScreen.storyboard */ = {
			isa = PBXVariantGroup;
			children = (
				FCA152CF96D23295E49D6781 /* Base */,
			);
			name = LaunchScreen.storyboard;
			sourceTree = "<group>";
		};
/* End PBXVariantGroup section */

/* Begin XCBuildConfiguration section */
		FCA1508E2E2F6C1FC147018D /* Debug */ = {
			isa = XCBuildConfiguration;
			buildSettings = {
				ASSETCATALOG_COMPILER_APPICON_NAME = AppIcon;
				DEVELOPMENT_TEAM = FCKB72E74L;
				INFOPLIST_FILE = SimpleClock_Leon/Info.plist;
				LD_RUNPATH_SEARCH_PATHS = "$(inherited) @executable_path/Frameworks";
				PRODUCT_BUNDLE_IDENTIFIER = "com.clem.www.SimpleClock-Leon";
				PRODUCT_NAME = "$(TARGET_NAME)";
				SWIFT_VERSION = 3.1;
			};
			name = Debug;
		};
		FCA150E48EC517A97D5315F2 /* Debug */ = {
			isa = XCBuildConfiguration;
			buildSettings = {
				ALWAYS_SEARCH_USER_PATHS = NO;
				CLANG_ANALYZER_NONNULL = YES;
				CLANG_ANALYZER_NUMBER_OBJECT_CONVERSION = YES_AGGRESSIVE;
				CLANG_CXX_LANGUAGE_STANDARD = "gnu++0x";
				CLANG_CXX_LIBRARY = "libc++";
				CLANG_ENABLE_MODULES = YES;
				CLANG_ENABLE_OBJC_ARC = YES;
				CLANG_WARN_BOOL_CONVERSION = YES;
				CLANG_WARN_CONSTANT_CONVERSION = YES;
				CLANG_WARN_DIRECT_OBJC_ISA_USAGE = YES_ERROR;
				CLANG_WARN_DOCUMENTATION_COMMENTS = YES;
				CLANG_WARN_EMPTY_BODY = YES;
				CLANG_WARN_ENUM_CONVERSION = YES;
				CLANG_WARN_INFINITE_RECURSION = YES;
				CLANG_WARN_INT_CONVERSION = YES;
				CLANG_WARN_OBJC_ROOT_CLASS = YES_ERROR;
				CLANG_WARN_SUSPICIOUS_MOVE = YES;
				CLANG_WARN_UNREACHABLE_CODE = YES;
				CLANG_WARN__DUPLICATE_METHOD_MATCH = YES;
				"CODE_SIGN_IDENTITY[sdk=iphoneos*]" = "iPhone Developer";
				COPY_PHASE_STRIP = NO;
				DEBUG_INFORMATION_FORMAT = dwarf;
				ENABLE_STRICT_OBJC_MSGSEND = YES;
				ENABLE_TESTABILITY = YES;
				GCC_C_LANGUAGE_STANDARD = gnu99;
				GCC_DYNAMIC_NO_PIC = NO;
				GCC_NO_COMMON_BLOCKS = YES;
				GCC_OPTIMIZATION_LEVEL = 0;
				GCC_PREPROCESSOR_DEFINITIONS = (
					"DEBUG=1",
					"$(inherited)",
				);
				GCC_WARN_64_TO_32_BIT_CONVERSION = YES;
				GCC_WARN_ABOUT_RETURN_TYPE = YES_ERROR;
				GCC_WARN_UNDECLARED_SELECTOR = YES;
				GCC_WARN_UNINITIALIZED_AUTOS = YES_AGGRESSIVE;
				GCC_WARN_UNUSED_FUNCTION = YES;
				GCC_WARN_UNUSED_VARIABLE = YES;
				IPHONEOS_DEPLOYMENT_TARGET = 10.3;
				MTL_ENABLE_DEBUG_INFO = YES;
				ONLY_ACTIVE_ARCH = YES;
				SDKROOT = iphoneos;
				SWIFT_ACTIVE_COMPILATION_CONDITIONS = DEBUG;
				SWIFT_OPTIMIZATION_LEVEL = "-Onone";
				TARGETED_DEVICE_FAMILY = "1,2";
			};
			name = Debug;
		};
		FCA151D6FF4BC09DE6D66E29 /* Release */ = {
			isa = XCBuildConfiguration;
			buildSettings = {
				ALWAYS_SEARCH_USER_PATHS = NO;
				CLANG_ANALYZER_NONNULL = YES;
				CLANG_ANALYZER_NUMBER_OBJECT_CONVERSION = YES_AGGRESSIVE;
				CLANG_CXX_LANGUAGE_STANDARD = "gnu++0x";
				CLANG_CXX_LIBRARY = "libc++";
				CLANG_ENABLE_MODULES = YES;
				CLANG_ENABLE_OBJC_ARC = YES;
				CLANG_WARN_BOOL_CONVERSION = YES;
				CLANG_WARN_CONSTANT_CONVERSION = YES;
				CLANG_WARN_DIRECT_OBJC_ISA_USAGE = YES_ERROR;
				CLANG_WARN_DOCUMENTATION_COMMENTS = YES;
				CLANG_WARN_EMPTY_BODY = YES;
				CLANG_WARN_ENUM_CONVERSION = YES;
				CLANG_WARN_INFINITE_RECURSION = YES;
				CLANG_WARN_INT_CONVERSION = YES;
				CLANG_WARN_OBJC_ROOT_CLASS = YES_ERROR;
				CLANG_WARN_SUSPICIOUS_MOVE = YES;
				CLANG_WARN_UNREACHABLE_CODE = YES;
				CLANG_WARN__DUPLICATE_METHOD_MATCH = YES;
				"CODE_SIGN_IDENTITY[sdk=iphoneos*]" = "iPhone Developer";
				COPY_PHASE_STRIP = NO;
				DEBUG_INFORMATION_FORMAT = "dwarf-with-dsym";
				ENABLE_NS_ASSERTIONS = NO;
				ENABLE_STRICT_OBJC_MSGSEND = YES;
				GCC_C_LANGUAGE_STANDARD = gnu99;
				GCC_NO_COMMON_BLOCKS = YES;
				GCC_WARN_64_TO_32_BIT_CONVERSION = YES;
				GCC_WARN_ABOUT_RETURN_TYPE = YES_ERROR;
				GCC_WARN_UNDECLARED_SELECTOR = YES;
				GCC_WARN_UNINITIALIZED_AUTOS = YES_AGGRESSIVE;
				GCC_WARN_UNUSED_FUNCTION = YES;
				GCC_WARN_UNUSED_VARIABLE = YES;
				IPHONEOS_DEPLOYMENT_TARGET = 10.3;
				MTL_ENABLE_DEBUG_INFO = NO;
				SDKROOT = iphoneos;
				SWIFT_OPTIMIZATION_LEVEL = "-Owholemodule";
				TARGETED_DEVICE_FAMILY = "1,2";
				VALIDATE_PRODUCT = YES;
			};
			name = Release;
		};
		FCA15EFD9096746BC2276B0F /* Release */ = {
			isa = XCBuildConfiguration;
			buildSettings = {
				ASSETCATALOG_COMPILER_APPICON_NAME = AppIcon;
				DEVELOPMENT_TEAM = FCKB72E74L;
				INFOPLIST_FILE = SimpleClock_Leon/Info.plist;
				LD_RUNPATH_SEARCH_PATHS = "$(inherited) @executable_path/Frameworks";
				PRODUCT_BUNDLE_IDENTIFIER = "com.clem.www.SimpleClock-Leon";
				PRODUCT_NAME = "$(TARGET_NAME)";
				SWIFT_VERSION = 3.1;
			};
			name = Release;
		};
/* End XCBuildConfiguration section */

/* Begin XCConfigurationList section */
		FCA15736617A30DA54ADCBCD /* Build configuration list for PBXNativeTarget "SimpleClock_Leon" */ = {
			isa = XCConfigurationList;
			buildConfigurations = (
				FCA1508E2E2F6C1FC147018D /* Debug */,
				FCA15EFD9096746BC2276B0F /* Release */,
			);
			defaultConfigurationIsVisible = 0;
			defaultConfigurationName = Release;
		};
		FCA1578599EFF32C5B96C818 /* Build configuration list for PBXProject "SimpleClock_Leon" */ = {
			isa = XCConfigurationList;
			buildConfigurations = (
				FCA150E48EC517A97D5315F2 /* Debug */,
				FCA151D6FF4BC09DE6D66E29 /* Release */,
			);
			defaultConfigurationIsVisible = 0;
			defaultConfigurationName = Release;
		};
/* End XCConfigurationList section */
	};
	rootObject = FCA1519E32D9B6CC821E7986 /* Project object */;
}
